
Microsoft Visual Studio Solution File, Format Version 12.00
# Visual Studio Version 17
VisualStudioVersion = 17.8.34330.188
MinimumVisualStudioVersion = 10.0.40219.1
Project("{FAE04EC0-301F-11D3-BF4B-00C04F79EFBC}") = "ESourcing.Products", "ESourcing.Products\ESourcing.Products.csproj", "{6BB3A538-A5B7-4109-8D80-545DD451E600}"
EndProject
Project("{2150E333-8FDC-42A3-9474-1A3956D46DE8}") = "Products", "Products", "{6DE4FD49-B736-469A-A0CA-6CBA5BA091CA}"
EndProject
Project("{2150E333-8FDC-42A3-9474-1A3956D46DE8}") = "src", "src", "{F4F10E13-8CBE-462D-A0DF-1B64F787E27F}"
EndProject
Project("{2150E333-8FDC-42A3-9474-1A3956D46DE8}") = "ApiGateway", "ApiGateway", "{A0F41465-0AD2-41A8-AEC3-CEE0A4EA8629}"
EndProject
Project("{2150E333-8FDC-42A3-9474-1A3956D46DE8}") = "Services", "Services", "{70471E3A-F1E2-4651-A716-937DCDAF47ED}"
EndProject
Project("{2150E333-8FDC-42A3-9474-1A3956D46DE8}") = "WebApp", "WebApp", "{2ECDCC66-62C3-4D30-AF3F-D82A9AAD19B5}"
EndProject
Project("{2150E333-8FDC-42A3-9474-1A3956D46DE8}") = "Common", "Common", "{275220DC-490F-49CC-9BFB-41DEC91B11B9}"
EndProject
Project("{2150E333-8FDC-42A3-9474-1A3956D46DE8}") = "Order", "Order", "{CE708ED7-8E02-49E8-B2C9-BA780AAD0A0B}"
EndProject
Project("{2150E333-8FDC-42A3-9474-1A3956D46DE8}") = "Sourcing", "Sourcing", "{2791D104-FCC6-46A7-9BED-7526D0F23CAC}"
EndProject
Global
	GlobalSection(SolutionConfigurationPlatforms) = preSolution
		Debug|Any CPU = Debug|Any CPU
		Release|Any CPU = Release|Any CPU
	EndGlobalSection
	GlobalSection(ProjectConfigurationPlatforms) = postSolution
		{6BB3A538-A5B7-4109-8D80-545DD451E600}.Debug|Any CPU.ActiveCfg = Debug|Any CPU
		{6BB3A538-A5B7-4109-8D80-545DD451E600}.Debug|Any CPU.Build.0 = Debug|Any CPU
		{6BB3A538-A5B7-4109-8D80-545DD451E600}.Release|Any CPU.ActiveCfg = Release|Any CPU
		{6BB3A538-A5B7-4109-8D80-545DD451E600}.Release|Any CPU.Build.0 = Release|Any CPU
	EndGlobalSection
	GlobalSection(SolutionProperties) = preSolution
		HideSolutionNode = FALSE
	EndGlobalSection
	GlobalSection(NestedProjects) = preSolution
		{6BB3A538-A5B7-4109-8D80-545DD451E600} = {6DE4FD49-B736-469A-A0CA-6CBA5BA091CA}
		{6DE4FD49-B736-469A-A0CA-6CBA5BA091CA} = {70471E3A-F1E2-4651-A716-937DCDAF47ED}
		{A0F41465-0AD2-41A8-AEC3-CEE0A4EA8629} = {F4F10E13-8CBE-462D-A0DF-1B64F787E27F}
		{70471E3A-F1E2-4651-A716-937DCDAF47ED} = {F4F10E13-8CBE-462D-A0DF-1B64F787E27F}
		{2ECDCC66-62C3-4D30-AF3F-D82A9AAD19B5} = {F4F10E13-8CBE-462D-A0DF-1B64F787E27F}
		{275220DC-490F-49CC-9BFB-41DEC91B11B9} = {70471E3A-F1E2-4651-A716-937DCDAF47ED}
		{CE708ED7-8E02-49E8-B2C9-BA780AAD0A0B} = {70471E3A-F1E2-4651-A716-937DCDAF47ED}
		{2791D104-FCC6-46A7-9BED-7526D0F23CAC} = {70471E3A-F1E2-4651-A716-937DCDAF47ED}
	EndGlobalSection
	GlobalSection(ExtensibilityGlobals) = postSolution
		SolutionGuid = {E9570B05-F8BE-4710-B6DE-03C42BCF4D87}
	EndGlobalSection
EndGlobal
